
Microsoft Visual Studio Solution File, Format Version 12.00
# Visual Studio Version 16
VisualStudioVersion = 16.0.32106.194
MinimumVisualStudioVersion = 10.0.40219.1
Project("{FAE04EC0-301F-11D3-BF4B-00C04F79EFBC}") = "FileManager3.1", "FileManager3.1\FileManager3.1.csproj", "{C8963286-12EC-4F2B-93CC-9EFCE4FD8EF0}"
EndProject
Global
	GlobalSection(SolutionConfigurationPlatforms) = preSolution
		Debug|Any CPU = Debug|Any CPU
		Release|Any CPU = Release|Any CPU
	EndGlobalSection
	GlobalSection(ProjectConfigurationPlatforms) = postSolution
		{C8963286-12EC-4F2B-93CC-9EFCE4FD8EF0}.Debug|Any CPU.ActiveCfg = Debug|Any CPU
		{C8963286-12EC-4F2B-93CC-9EFCE4FD8EF0}.Debug|Any CPU.Build.0 = Debug|Any CPU
		{C8963286-12EC-4F2B-93CC-9EFCE4FD8EF0}.Release|Any CPU.ActiveCfg = Release|Any CPU
		{C8963286-12EC-4F2B-93CC-9EFCE4FD8EF0}.Release|Any CPU.Build.0 = Release|Any CPU
	EndGlobalSection
	GlobalSection(SolutionProperties) = preSolution
		HideSolutionNode = FALSE
	EndGlobalSection
	GlobalSection(ExtensibilityGlobals) = postSolution
		SolutionGuid = {1D2583BA-1738-463B-BB4B-4D2C442EA624}
	EndGlobalSection
EndGlobal
